
Microsoft Visual Studio Solution File, Format Version 12.00
# Visual Studio Version 16
VisualStudioVersion = 16.0.29230.47
MinimumVisualStudioVersion = 10.0.40219.1
Project("{FAE04EC0-301F-11D3-BF4B-00C04F79EFBC}") = "SalesWebMvc3", "SalesWebMvc3.csproj", "{8F5D0ED5-703A-4160-A203-92440920A151}"
EndProject
Global
	GlobalSection(SolutionConfigurationPlatforms) = preSolution
		Debug|Any CPU = Debug|Any CPU
		Release|Any CPU = Release|Any CPU
	EndGlobalSection
	GlobalSection(ProjectConfigurationPlatforms) = postSolution
		{8F5D0ED5-703A-4160-A203-92440920A151}.Debug|Any CPU.ActiveCfg = Debug|Any CPU
		{8F5D0ED5-703A-4160-A203-92440920A151}.Debug|Any CPU.Build.0 = Debug|Any CPU
		{8F5D0ED5-703A-4160-A203-92440920A151}.Release|Any CPU.ActiveCfg = Release|Any CPU
		{8F5D0ED5-703A-4160-A203-92440920A151}.Release|Any CPU.Build.0 = Release|Any CPU
	EndGlobalSection
	GlobalSection(SolutionProperties) = preSolution
		HideSolutionNode = FALSE
	EndGlobalSection
	GlobalSection(ExtensibilityGlobals) = postSolution
		SolutionGuid = {17E93216-E155-40AF-8166-D42F0104DBBD}
	EndGlobalSection
EndGlobal
